
Microsoft Visual Studio Solution File, Format Version 12.00
# Visual Studio Version 17
VisualStudioVersion = 17.10.35004.147
MinimumVisualStudioVersion = 10.0.40219.1
Project("{FAE04EC0-301F-11D3-BF4B-00C04F79EFBC}") = "TestTask2.Server", "TestTask2.Server\TestTask2.Server.csproj", "{8C822F6E-A9C9-4546-A33C-BD763D9D7FAB}"
EndProject
Project("{54A90642-561A-4BB1-A94E-469ADEE60C69}") = "testtask2.client", "testtask2.client\testtask2.client.esproj", "{AEE9BCE8-6A2A-4538-B73B-0C424F95950A}"
EndProject
Global
	GlobalSection(SolutionConfigurationPlatforms) = preSolution
		Debug|Any CPU = Debug|Any CPU
		Release|Any CPU = Release|Any CPU
	EndGlobalSection
	GlobalSection(ProjectConfigurationPlatforms) = postSolution
		{8C822F6E-A9C9-4546-A33C-BD763D9D7FAB}.Debug|Any CPU.ActiveCfg = Debug|Any CPU
		{8C822F6E-A9C9-4546-A33C-BD763D9D7FAB}.Debug|Any CPU.Build.0 = Debug|Any CPU
		{8C822F6E-A9C9-4546-A33C-BD763D9D7FAB}.Release|Any CPU.ActiveCfg = Release|Any CPU
		{8C822F6E-A9C9-4546-A33C-BD763D9D7FAB}.Release|Any CPU.Build.0 = Release|Any CPU
		{AEE9BCE8-6A2A-4538-B73B-0C424F95950A}.Debug|Any CPU.ActiveCfg = Debug|Any CPU
		{AEE9BCE8-6A2A-4538-B73B-0C424F95950A}.Debug|Any CPU.Build.0 = Debug|Any CPU
		{AEE9BCE8-6A2A-4538-B73B-0C424F95950A}.Debug|Any CPU.Deploy.0 = Debug|Any CPU
		{AEE9BCE8-6A2A-4538-B73B-0C424F95950A}.Release|Any CPU.ActiveCfg = Release|Any CPU
		{AEE9BCE8-6A2A-4538-B73B-0C424F95950A}.Release|Any CPU.Build.0 = Release|Any CPU
		{AEE9BCE8-6A2A-4538-B73B-0C424F95950A}.Release|Any CPU.Deploy.0 = Release|Any CPU
	EndGlobalSection
	GlobalSection(SolutionProperties) = preSolution
		HideSolutionNode = FALSE
	EndGlobalSection
	GlobalSection(ExtensibilityGlobals) = postSolution
		SolutionGuid = {DFD6FF8E-C831-4CA8-AF07-E69A330BBDEF}
	EndGlobalSection
EndGlobal
